
Microsoft Visual Studio Solution File, Format Version 12.00
# Visual Studio Version 16
VisualStudioVersion = 16.0.31205.134
MinimumVisualStudioVersion = 10.0.40219.1
Project("{00D1A9C2-B5F0-4AF3-8072-F6C62B433612}") = "ContosoUniversityData", "ContosoUniversityData.sqlproj", "{A9236D9F-76D9-48FD-A166-A753DE7AF65F}"
EndProject
Global
	GlobalSection(SolutionConfigurationPlatforms) = preSolution
		Debug|Any CPU = Debug|Any CPU
		Release|Any CPU = Release|Any CPU
	EndGlobalSection
	GlobalSection(ProjectConfigurationPlatforms) = postSolution
		{A9236D9F-76D9-48FD-A166-A753DE7AF65F}.Debug|Any CPU.ActiveCfg = Debug|Any CPU
		{A9236D9F-76D9-48FD-A166-A753DE7AF65F}.Debug|Any CPU.Build.0 = Debug|Any CPU
		{A9236D9F-76D9-48FD-A166-A753DE7AF65F}.Debug|Any CPU.Deploy.0 = Debug|Any CPU
		{A9236D9F-76D9-48FD-A166-A753DE7AF65F}.Release|Any CPU.ActiveCfg = Release|Any CPU
		{A9236D9F-76D9-48FD-A166-A753DE7AF65F}.Release|Any CPU.Build.0 = Release|Any CPU
		{A9236D9F-76D9-48FD-A166-A753DE7AF65F}.Release|Any CPU.Deploy.0 = Release|Any CPU
	EndGlobalSection
	GlobalSection(SolutionProperties) = preSolution
		HideSolutionNode = FALSE
	EndGlobalSection
	GlobalSection(ExtensibilityGlobals) = postSolution
		SolutionGuid = {39EB8685-D26C-4373-853D-08F5C67E46C3}
	EndGlobalSection
EndGlobal
